
Microsoft Visual Studio Solution File, Format Version 12.00
# Visual Studio Version 17
VisualStudioVersion = 17.0.31903.59
MinimumVisualStudioVersion = 10.0.40219.1
Project("{FAE04EC0-301F-11D3-BF4B-00C04F79EFBC}") = "Pipeline", "Pipeline\Pipeline.csproj", "{CFB6D5F0-5C6A-4A2A-874E-D1AEE04C6605}"
EndProject
Project("{FAE04EC0-301F-11D3-BF4B-00C04F79EFBC}") = "TestProject", "Pipeline.Tests\TestProject.csproj", "{C7460718-F5CB-475D-B049-661253BC9852}"
EndProject
Global
	GlobalSection(SolutionConfigurationPlatforms) = preSolution
		Debug|Any CPU = Debug|Any CPU
		Release|Any CPU = Release|Any CPU
	EndGlobalSection
	GlobalSection(SolutionProperties) = preSolution
		HideSolutionNode = FALSE
	EndGlobalSection
	GlobalSection(ProjectConfigurationPlatforms) = postSolution
		{CFB6D5F0-5C6A-4A2A-874E-D1AEE04C6605}.Debug|Any CPU.ActiveCfg = Debug|Any CPU
		{CFB6D5F0-5C6A-4A2A-874E-D1AEE04C6605}.Debug|Any CPU.Build.0 = Debug|Any CPU
		{CFB6D5F0-5C6A-4A2A-874E-D1AEE04C6605}.Release|Any CPU.ActiveCfg = Release|Any CPU
		{CFB6D5F0-5C6A-4A2A-874E-D1AEE04C6605}.Release|Any CPU.Build.0 = Release|Any CPU
		{C7460718-F5CB-475D-B049-661253BC9852}.Debug|Any CPU.ActiveCfg = Debug|Any CPU
		{C7460718-F5CB-475D-B049-661253BC9852}.Debug|Any CPU.Build.0 = Debug|Any CPU
		{C7460718-F5CB-475D-B049-661253BC9852}.Release|Any CPU.ActiveCfg = Release|Any CPU
		{C7460718-F5CB-475D-B049-661253BC9852}.Release|Any CPU.Build.0 = Release|Any CPU
	EndGlobalSection
EndGlobal
